{
  "originHash" : "a49e8fed341df65009203a2464f0cc4c41d5bb804ebff89236a489996c656a10",
  "pins" : [
    {
      "identity" : "ability",
      "kind" : "remoteSourceControl",
      "location" : "https://github.com/miejoy/ability.git",
      "state" : {
        "branch" : "main",
        "revision" : "fb8a0973b04a9a07f69c5e439d07ebab4a52736a"
      }
    },
    {
      "identity" : "auto-config",
      "kind" : "remoteSourceControl",
      "location" : "https://github.com/miejoy/auto-config.git",
      "state" : {
        "branch" : "main",
        "revision" : "7fe516047784f5c9ddb5dcc7705bbae393337cc3"
      }
    },
    {
      "identity" : "logger",
      "kind" : "remoteSourceControl",
      "location" : "https://github.com/miejoy/logger.git",
      "state" : {
        "branch" : "main",
        "revision" : "867ac9dd51f5dd08b9cc519c3a167caa6f6ba3ec"
      }
    },
    {
      "identity" : "module-monitor",
      "kind" : "remoteSourceControl",
      "location" : "https://github.com/miejoy/module-monitor.git",
      "state" : {
        "branch" : "main",
        "revision" : "0603c5d1e9fe4918dfd5c96649d81d12a30525f9"
      }
    }
  ],
  "version" : 3
}
